
Microsoft Visual Studio Solution File, Format Version 12.00
# Visual Studio Version 16
VisualStudioVersion = 16.0.29926.136
MinimumVisualStudioVersion = 10.0.40219.1
Project("{FAE04EC0-301F-11D3-BF4B-00C04F79EFBC}") = "ClinicaOdontologica", "ClinicaOdontologica\ClinicaOdontologica.csproj", "{7C58C7E9-0580-4777-A615-AC2A75B130B6}"
EndProject
Global
	GlobalSection(SolutionConfigurationPlatforms) = preSolution
		Debug|Any CPU = Debug|Any CPU
		Release|Any CPU = Release|Any CPU
	EndGlobalSection
	GlobalSection(ProjectConfigurationPlatforms) = postSolution
		{7C58C7E9-0580-4777-A615-AC2A75B130B6}.Debug|Any CPU.ActiveCfg = Debug|Any CPU
		{7C58C7E9-0580-4777-A615-AC2A75B130B6}.Debug|Any CPU.Build.0 = Debug|Any CPU
		{7C58C7E9-0580-4777-A615-AC2A75B130B6}.Release|Any CPU.ActiveCfg = Release|Any CPU
		{7C58C7E9-0580-4777-A615-AC2A75B130B6}.Release|Any CPU.Build.0 = Release|Any CPU
	EndGlobalSection
	GlobalSection(SolutionProperties) = preSolution
		HideSolutionNode = FALSE
	EndGlobalSection
	GlobalSection(ExtensibilityGlobals) = postSolution
		SolutionGuid = {9FA7DC2E-807D-4C82-BC7F-2C9E14CFF22B}
	EndGlobalSection
EndGlobal
